PODS:
  - MiniLayout (1.4.0)
  - RadioGroup (1.0.1):
    - MiniLayout

DEPENDENCIES:
  - RadioGroup (from `..`)

SPEC REPOS:
  https://github.com/cocoapods/specs.git:
    - MiniLayout

EXTERNAL SOURCES:
  RadioGroup:
    :path: ".."

SPEC CHECKSUMS:
  MiniLayout: e35331ce9ab50a4111c3f91deca158834f86d9e7
  RadioGroup: 4e8a4fe724a3374abbcd78367b6f852ea188e3be

PODFILE CHECKSUM: 4300267a4f85df5fc4200e0037ebbc9dd35e388a

COCOAPODS: 1.6.0.beta.2
