PODS:
  - RadioGroup (1.4.3):
    - SweeterSwift
  - SweeterSwift (1.1.4)
  - SwiftFormat/CLI (0.42.0)
  - SwiftLint (0.40.3)
  - SwiftQuality (1.0.9):
    - SwiftFormat/CLI (= 0.42.0)
    - SwiftLint (= 0.40.3)

DEPENDENCIES:
  - RadioGroup (from `..`)
  - SwiftQuality (from `https://github.com/yonat/SwiftQuality`)

SPEC REPOS:
  trunk:
    - SweeterSwift
    - SwiftFormat
    - SwiftLint

EXTERNAL SOURCES:
  RadioGroup:
    :path: ".."
  SwiftQuality:
    :git: https://github.com/yonat/SwiftQuality

CHECKOUT OPTIONS:
  SwiftQuality:
    :commit: 57dd889e24bb7574051f6fb04e722659b0979908
    :git: https://github.com/yonat/SwiftQuality

SPEC CHECKSUMS:
  RadioGroup: 7015c71759c90dbaae7050f33cfbc1de780e27a7
  SweeterSwift: 8a90cf3156f5a1b6f39785c479369a16633b5ea9
  SwiftFormat: 5faa819600268dfaa5c19f1359730883db151678
  SwiftLint: dfd554ff0dff17288ee574814ccdd5cea85d76f7
  SwiftQuality: 50b96acbbc9b08b8c60954b148de013705e6bc66

PODFILE CHECKSUM: 890265268722d35f967524eb91610ef90c1f2af7

COCOAPODS: 1.10.1
