// !$*UTF8*$!
{
	archiveVersion = 1;
	classes = {
	};
	objectVersion = 51;
	objects = {

/* Begin PBXBuildFile section */
		32A81D50D0AB79B2A9975D03 /* Pods_RadioGroupDemoUITests.framework in Frameworks */ = {isa = PBXBuildFile; fileRef = F7444FA01459CECCEF2DF41B /* Pods_RadioGroupDemoUITests.framework */; };
		D968844E49169589D1A419AB /* Pods_RadioGroupDemo.framework in Frameworks */ = {isa = PBXBuildFile; fileRef = 8DA3C484C93971D081DA35EA /* Pods_RadioGroupDemo.framework */; };
		DC52B4F92207208D00A01098 /* AppDelegate.swift in Sources */ = {isa = PBXBuildFile; fileRef = DC52B4F82207208D00A01098 /* AppDelegate.swift */; };
		DC52B4FB2207208D00A01098 /* ViewController.swift in Sources */ = {isa = PBXBuildFile; fileRef = DC52B4FA2207208D00A01098 /* ViewController.swift */; };
		DC52B4FE2207208D00A01098 /* Main.storyboard in Resources */ = {isa = PBXBuildFile; fileRef = DC52B4FC2207208D00A01098 /* Main.storyboard */; };
		DC52B5002207209000A01098 /* Assets.xcassets in Resources */ = {isa = PBXBuildFile; fileRef = DC52B4FF2207209000A01098 /* Assets.xcassets */; };
		DC52B5032207209000A01098 /* LaunchScreen.storyboard in Resources */ = {isa = PBXBuildFile; fileRef = DC52B5012207209000A01098 /* LaunchScreen.storyboard */; };
		DC52B52522092D5300A01098 /* RadioGroupDemoUITests.swift in Sources */ = {isa = PBXBuildFile; fileRef = DC52B52422092D5300A01098 /* RadioGroupDemoUITests.swift */; };
		DC64D10823306DB400506A50 /* RadioGroupPickerDemo.swift in Sources */ = {isa = PBXBuildFile; fileRef = DC64D10723306DB400506A50 /* RadioGroupPickerDemo.swift */; };
		DC64D10B2330E40E00506A50 /* SwiftUI.framework in Frameworks */ = {isa = PBXBuildFile; fileRef = DC64D1092330E3A200506A50 /* SwiftUI.framework */; settings = {ATTRIBUTES = (Weak, ); }; };
/* End PBXBuildFile section */

/* Begin PBXContainerItemProxy section */
		DC52B52722092D5300A01098 /* PBXContainerItemProxy */ = {
			isa = PBXContainerItemProxy;
			containerPortal = DC52B4ED2207208D00A01098 /* Project object */;
			proxyType = 1;
			remoteGlobalIDString = DC52B4F42207208D00A01098;
			remoteInfo = RadioGroupDemo;
		};
/* End PBXContainerItemProxy section */

/* Begin PBXFileReference section */
		0DEB7E4B851FF4E856820862 /* Pods-RadioGroupDemoUITests.debug.xcconfig */ = {isa = PBXFileReference; includeInIndex = 1; lastKnownFileType = text.xcconfig; name = "Pods-RadioGroupDemoUITests.debug.xcconfig"; path = "Target Support Files/Pods-RadioGroupDemoUITests/Pods-RadioGroupDemoUITests.debug.xcconfig"; sourceTree = "<group>"; };
		1EDBF5EDBAA3EE4CCDB74138 /* Pods-RadioGroupDemo.debug.xcconfig */ = {isa = PBXFileReference; includeInIndex = 1; lastKnownFileType = text.xcconfig; name = "Pods-RadioGroupDemo.debug.xcconfig"; path = "Pods/Target Support Files/Pods-RadioGroupDemo/Pods-RadioGroupDemo.debug.xcconfig"; sourceTree = "<group>"; };
		2D222438FD3F3A2787ADE90C /* Pods-RadioGroupDemoUITests.release.xcconfig */ = {isa = PBXFileReference; includeInIndex = 1; lastKnownFileType = text.xcconfig; name = "Pods-RadioGroupDemoUITests.release.xcconfig"; path = "Target Support Files/Pods-RadioGroupDemoUITests/Pods-RadioGroupDemoUITests.release.xcconfig"; sourceTree = "<group>"; };
		30764401FB8D00740C99587D /* Pods-RadioGroupDemo.debug.xcconfig */ = {isa = PBXFileReference; includeInIndex = 1; lastKnownFileType = text.xcconfig; name = "Pods-RadioGroupDemo.debug.xcconfig"; path = "Target Support Files/Pods-RadioGroupDemo/Pods-RadioGroupDemo.debug.xcconfig"; sourceTree = "<group>"; };
		441A036CE6BC1B782C0ADE0B /* Pods-RadioGroupDemo.release.xcconfig */ = {isa = PBXFileReference; includeInIndex = 1; lastKnownFileType = text.xcconfig; name = "Pods-RadioGroupDemo.release.xcconfig"; path = "Pods/Target Support Files/Pods-RadioGroupDemo/Pods-RadioGroupDemo.release.xcconfig"; sourceTree = "<group>"; };
		87FEA1D20B8C6DB82926DC9C /* Pods-RadioGroupDemo.release.xcconfig */ = {isa = PBXFileReference; includeInIndex = 1; lastKnownFileType = text.xcconfig; name = "Pods-RadioGroupDemo.release.xcconfig"; path = "Target Support Files/Pods-RadioGroupDemo/Pods-RadioGroupDemo.release.xcconfig"; sourceTree = "<group>"; };
		8DA3C484C93971D081DA35EA /* Pods_RadioGroupDemo.framework */ = {isa = PBXFileReference; explicitFileType = wrapper.framework; includeInIndex = 0; path = Pods_RadioGroupDemo.framework; sourceTree = BUILT_PRODUCTS_DIR; };
		DC52B4F52207208D00A01098 /* RadioGroupDemo.app */ = {isa = PBXFileReference; explicitFileType = wrapper.application; includeInIndex = 0; path = RadioGroupDemo.app; sourceTree = BUILT_PRODUCTS_DIR; };
		DC52B4F82207208D00A01098 /* AppDelegate.swift */ = {isa = PBXFileReference; lastKnownFileType = sourcecode.swift; path = AppDelegate.swift; sourceTree = "<group>"; };
		DC52B4FA2207208D00A01098 /* ViewController.swift */ = {isa = PBXFileReference; lastKnownFileType = sourcecode.swift; path = ViewController.swift; sourceTree = "<group>"; };
		DC52B4FD2207208D00A01098 /* Base */ = {isa = PBXFileReference; lastKnownFileType = file.storyboard; name = Base; path = Base.lproj/Main.storyboard; sourceTree = "<group>"; };
		DC52B4FF2207209000A01098 /* Assets.xcassets */ = {isa = PBXFileReference; lastKnownFileType = folder.assetcatalog; path = Assets.xcassets; sourceTree = "<group>"; };
		DC52B5022207209000A01098 /* Base */ = {isa = PBXFileReference; lastKnownFileType = file.storyboard; name = Base; path = Base.lproj/LaunchScreen.storyboard; sourceTree = "<group>"; };
		DC52B5042207209000A01098 /* Info.plist */ = {isa = PBXFileReference; lastKnownFileType = text.plist.xml; path = Info.plist; sourceTree = "<group>"; };
		DC52B50C22074A6000A01098 /* CHANGELOG.md */ = {isa = PBXFileReference; lastKnownFileType = net.daringfireball.markdown; name = CHANGELOG.md; path = ../CHANGELOG.md; sourceTree = "<group>"; };
		DC52B50D22074A6000A01098 /* README.md */ = {isa = PBXFileReference; lastKnownFileType = net.daringfireball.markdown; name = README.md; path = ../README.md; sourceTree = "<group>"; };
		DC52B52222092D5300A01098 /* RadioGroupDemoUITests.xctest */ = {isa = PBXFileReference; explicitFileType = wrapper.cfbundle; includeInIndex = 0; path = RadioGroupDemoUITests.xctest; sourceTree = BUILT_PRODUCTS_DIR; };
		DC52B52422092D5300A01098 /* RadioGroupDemoUITests.swift */ = {isa = PBXFileReference; lastKnownFileType = sourcecode.swift; path = RadioGroupDemoUITests.swift; sourceTree = "<group>"; };
		DC52B52622092D5300A01098 /* Info.plist */ = {isa = PBXFileReference; lastKnownFileType = text.plist.xml; path = Info.plist; sourceTree = "<group>"; };
		DC64D10723306DB400506A50 /* RadioGroupPickerDemo.swift */ = {isa = PBXFileReference; lastKnownFileType = sourcecode.swift; path = RadioGroupPickerDemo.swift; sourceTree = "<group>"; };
		DC64D1092330E3A200506A50 /* SwiftUI.framework */ = {isa = PBXFileReference; lastKnownFileType = wrapper.framework; name = SwiftUI.framework; path = System/Library/Frameworks/SwiftUI.framework; sourceTree = SDKROOT; };
		F7444FA01459CECCEF2DF41B /* Pods_RadioGroupDemoUITests.framework */ = {isa = PBXFileReference; explicitFileType = wrapper.framework; includeInIndex = 0; path = Pods_RadioGroupDemoUITests.framework; sourceTree = BUILT_PRODUCTS_DIR; };
/* End PBXFileReference section */

/* Begin PBXFrameworksBuildPhase section */
		DC52B4F22207208D00A01098 /* Frameworks */ = {
			isa = PBXFrameworksBuildPhase;
			buildActionMask = 2147483647;
			files = (
				DC64D10B2330E40E00506A50 /* SwiftUI.framework in Frameworks */,
				D968844E49169589D1A419AB /* Pods_RadioGroupDemo.framework in Frameworks */,
			);
			runOnlyForDeploymentPostprocessing = 0;
		};
		DC52B51F22092D5300A01098 /* Frameworks */ = {
			isa = PBXFrameworksBuildPhase;
			buildActionMask = 2147483647;
			files = (
				32A81D50D0AB79B2A9975D03 /* Pods_RadioGroupDemoUITests.framework in Frameworks */,
			);
			runOnlyForDeploymentPostprocessing = 0;
		};
/* End PBXFrameworksBuildPhase section */

/* Begin PBXGroup section */
		465CA14F05DEC33F9D5FC6CC /* Frameworks */ = {
			isa = PBXGroup;
			children = (
				DC64D1092330E3A200506A50 /* SwiftUI.framework */,
				8DA3C484C93971D081DA35EA /* Pods_RadioGroupDemo.framework */,
				F7444FA01459CECCEF2DF41B /* Pods_RadioGroupDemoUITests.framework */,
			);
			name = Frameworks;
			sourceTree = "<group>";
		};
		8A47C8CE86EC6B1D5EA15AE9 /* Pods */ = {
			isa = PBXGroup;
			children = (
				30764401FB8D00740C99587D /* Pods-RadioGroupDemo.debug.xcconfig */,
				87FEA1D20B8C6DB82926DC9C /* Pods-RadioGroupDemo.release.xcconfig */,
				1EDBF5EDBAA3EE4CCDB74138 /* Pods-RadioGroupDemo.debug.xcconfig */,
				441A036CE6BC1B782C0ADE0B /* Pods-RadioGroupDemo.release.xcconfig */,
				0DEB7E4B851FF4E856820862 /* Pods-RadioGroupDemoUITests.debug.xcconfig */,
				2D222438FD3F3A2787ADE90C /* Pods-RadioGroupDemoUITests.release.xcconfig */,
			);
			path = Pods;
			sourceTree = "<group>";
		};
		DC52B4EC2207208D00A01098 = {
			isa = PBXGroup;
			children = (
				DC52B50C22074A6000A01098 /* CHANGELOG.md */,
				DC52B50D22074A6000A01098 /* README.md */,
				DC52B4F72207208D00A01098 /* RadioGroupDemo */,
				DC52B52322092D5300A01098 /* RadioGroupDemoUITests */,
				DC52B4F62207208D00A01098 /* Products */,
				8A47C8CE86EC6B1D5EA15AE9 /* Pods */,
				465CA14F05DEC33F9D5FC6CC /* Frameworks */,
			);
			sourceTree = "<group>";
		};
		DC52B4F62207208D00A01098 /* Products */ = {
			isa = PBXGroup;
			children = (
				DC52B4F52207208D00A01098 /* RadioGroupDemo.app */,
				DC52B52222092D5300A01098 /* RadioGroupDemoUITests.xctest */,
			);
			name = Products;
			sourceTree = "<group>";
		};
		DC52B4F72207208D00A01098 /* RadioGroupDemo */ = {
			isa = PBXGroup;
			children = (
				DC52B4FA2207208D00A01098 /* ViewController.swift */,
				DC64D10723306DB400506A50 /* RadioGroupPickerDemo.swift */,
				DC52B4F82207208D00A01098 /* AppDelegate.swift */,
				DC52B4FC2207208D00A01098 /* Main.storyboard */,
				DC52B4FF2207209000A01098 /* Assets.xcassets */,
				DC52B5012207209000A01098 /* LaunchScreen.storyboard */,
				DC52B5042207209000A01098 /* Info.plist */,
			);
			path = RadioGroupDemo;
			sourceTree = "<group>";
		};
		DC52B52322092D5300A01098 /* RadioGroupDemoUITests */ = {
			isa = PBXGroup;
			children = (
				DC52B52422092D5300A01098 /* RadioGroupDemoUITests.swift */,
				DC52B52622092D5300A01098 /* Info.plist */,
			);
			path = RadioGroupDemoUITests;
			sourceTree = "<group>";
		};
/* End PBXGroup section */

/* Begin PBXNativeTarget section */
		DC52B4F42207208D00A01098 /* RadioGroupDemo */ = {
			isa = PBXNativeTarget;
			buildConfigurationList = DC52B5072207209000A01098 /* Build configuration list for PBXNativeTarget "RadioGroupDemo" */;
			buildPhases = (
				52F572F854BDEC2717374744 /* [CP] Check Pods Manifest.lock */,
				130BB14C4CD7CC5EEA4367F6 /* [CP-User] SwiftFormat */,
				DE70E162881865ECBC14B798 /* [CP-User] SwiftLintAutocorrect */,
				DC52B4F12207208D00A01098 /* Sources */,
				DC52B4F22207208D00A01098 /* Frameworks */,
				DC52B4F32207208D00A01098 /* Resources */,
				FC00D0AEC88A1BB3E33A4675 /* [CP] Embed Pods Frameworks */,
				59507210E30274351361BD97 /* [CP-User] SwiftLint */,
				0B9C56E5112463890E318B11 /* [CP] Copy Pods Resources */,
			);
			buildRules = (
			);
			dependencies = (
			);
			name = RadioGroupDemo;
			productName = RadioGroupDemo;
			productReference = DC52B4F52207208D00A01098 /* RadioGroupDemo.app */;
			productType = "com.apple.product-type.application";
		};
		DC52B52122092D5300A01098 /* RadioGroupDemoUITests */ = {
			isa = PBXNativeTarget;
			buildConfigurationList = DC52B52B22092D5300A01098 /* Build configuration list for PBXNativeTarget "RadioGroupDemoUITests" */;
			buildPhases = (
				107229C6E31B2CA9A0476376 /* [CP] Check Pods Manifest.lock */,
				DC52B51E22092D5300A01098 /* Sources */,
				DC52B51F22092D5300A01098 /* Frameworks */,
				DC52B52022092D5300A01098 /* Resources */,
				14054626CC72ED7D348C42CF /* [CP] Embed Pods Frameworks */,
				E326B0273C9901855AB33EA8 /* [CP] Copy Pods Resources */,
			);
			buildRules = (
			);
			dependencies = (
				DC52B52822092D5300A01098 /* PBXTargetDependency */,
			);
			name = RadioGroupDemoUITests;
			productName = RadioGroupDemoUITests;
			productReference = DC52B52222092D5300A01098 /* RadioGroupDemoUITests.xctest */;
			productType = "com.apple.product-type.bundle.ui-testing";
		};
/* End PBXNativeTarget section */

/* Begin PBXProject section */
		DC52B4ED2207208D00A01098 /* Project object */ = {
			isa = PBXProject;
			attributes = {
				DefaultBuildSystemTypeForWorkspace = Original;
				LastSwiftUpdateCheck = 1010;
				LastUpgradeCheck = 1010;
				ORGANIZATIONNAME = "Yonat Sharon";
				TargetAttributes = {
					DC52B4F42207208D00A01098 = {
						CreatedOnToolsVersion = 10.1;
						LastSwiftMigration = 1020;
					};
					DC52B52122092D5300A01098 = {
						CreatedOnToolsVersion = 10.1;
						LastSwiftMigration = 1020;
						TestTargetID = DC52B4F42207208D00A01098;
					};
				};
			};
			buildConfigurationList = DC52B4F02207208D00A01098 /* Build configuration list for PBXProject "RadioGroupDemo" */;
			compatibilityVersion = "Xcode 9.3";
			developmentRegion = en;
			hasScannedForEncodings = 0;
			knownRegions = (
				en,
				Base,
			);
			mainGroup = DC52B4EC2207208D00A01098;
			productRefGroup = DC52B4F62207208D00A01098 /* Products */;
			projectDirPath = "";
			projectRoot = "";
			targets = (
				DC52B4F42207208D00A01098 /* RadioGroupDemo */,
				DC52B52122092D5300A01098 /* RadioGroupDemoUITests */,
			);
		};
/* End PBXProject section */

/* Begin PBXResourcesBuildPhase section */
		DC52B4F32207208D00A01098 /* Resources */ = {
			isa = PBXResourcesBuildPhase;
			buildActionMask = 2147483647;
			files = (
				DC52B5032207209000A01098 /* LaunchScreen.storyboard in Resources */,
				DC52B5002207209000A01098 /* Assets.xcassets in Resources */,
				DC52B4FE2207208D00A01098 /* Main.storyboard in Resources */,
			);
			runOnlyForDeploymentPostprocessing = 0;
		};
		DC52B52022092D5300A01098 /* Resources */ = {
			isa = PBXResourcesBuildPhase;
			buildActionMask = 2147483647;
			files = (
			);
			runOnlyForDeploymentPostprocessing = 0;
		};
/* End PBXResourcesBuildPhase section */

/* Begin PBXShellScriptBuildPhase section */
		0B9C56E5112463890E318B11 /* [CP] Copy Pods Resources */ = {
			isa = PBXShellScriptBuildPhase;
			buildActionMask = 2147483647;
			files = (
			);
			inputFileListPaths = (
				"${PODS_ROOT}/Target Support Files/Pods-RadioGroupDemo/Pods-RadioGroupDemo-resources-${CONFIGURATION}-input-files.xcfilelist",
			);
			name = "[CP] Copy Pods Resources";
			outputFileListPaths = (
				"${PODS_ROOT}/Target Support Files/Pods-RadioGroupDemo/Pods-RadioGroupDemo-resources-${CONFIGURATION}-output-files.xcfilelist",
			);
			runOnlyForDeploymentPostprocessing = 0;
			shellPath = /bin/sh;
			shellScript = "\"${PODS_ROOT}/Target Support Files/Pods-RadioGroupDemo/Pods-RadioGroupDemo-resources.sh\"\n";
			showEnvVarsInLog = 0;
		};
		107229C6E31B2CA9A0476376 /* [CP] Check Pods Manifest.lock */ = {
			isa = PBXShellScriptBuildPhase;
			buildActionMask = 2147483647;
			files = (
			);
			inputFileListPaths = (
			);
			inputPaths = (
				"${PODS_PODFILE_DIR_PATH}/Podfile.lock",
				"${PODS_ROOT}/Manifest.lock",
			);
			name = "[CP] Check Pods Manifest.lock";
			outputFileListPaths = (
			);
			outputPaths = (
				"$(DERIVED_FILE_DIR)/Pods-RadioGroupDemoUITests-checkManifestLockResult.txt",
			);
			runOnlyForDeploymentPostprocessing = 0;
			shellPath = /bin/sh;
			shellScript = "diff \"${PODS_PODFILE_DIR_PATH}/Podfile.lock\" \"${PODS_ROOT}/Manifest.lock\" > /dev/null\nif [ $? != 0 ] ; then\n    # print error to STDERR\n    echo \"error: The sandbox is not in sync with the Podfile.lock. Run 'pod install' or update your CocoaPods installation.\" >&2\n    exit 1\nfi\n# This output is used by Xcode 'outputs' to avoid re-running this script phase.\necho \"SUCCESS\" > \"${SCRIPT_OUTPUT_FILE_0}\"\n";
			showEnvVarsInLog = 0;
		};
		130BB14C4CD7CC5EEA4367F6 /* [CP-User] SwiftFormat */ = {
			isa = PBXShellScriptBuildPhase;
			buildActionMask = 2147483647;
			files = (
			);
			name = "[CP-User] SwiftFormat";
			runOnlyForDeploymentPostprocessing = 0;
			shellPath = /bin/sh;
			shellScript = "if [ \"Debug\" == \"${CONFIGURATION}\" ]; then ${PODS_ROOT}/SwiftFormat/CommandLineTool/swiftformat --swiftversion ${SWIFT_VERSION} --config ${PODS_ROOT}/SwiftQuality/.swiftformat ${SRCROOT}/.. ; fi";
			showEnvVarsInLog = 0;
		};
		14054626CC72ED7D348C42CF /* [CP] Embed Pods Frameworks */ = {
			isa = PBXShellScriptBuildPhase;
			buildActionMask = 2147483647;
			files = (
			);
			inputFileListPaths = (
				"${PODS_ROOT}/Target Support Files/Pods-RadioGroupDemoUITests/Pods-RadioGroupDemoUITests-frameworks-${CONFIGURATION}-input-files.xcfilelist",
			);
			name = "[CP] Embed Pods Frameworks";
			outputFileListPaths = (
				"${PODS_ROOT}/Target Support Files/Pods-RadioGroupDemoUITests/Pods-RadioGroupDemoUITests-frameworks-${CONFIGURATION}-output-files.xcfilelist",
			);
			runOnlyForDeploymentPostprocessing = 0;
			shellPath = /bin/sh;
			shellScript = "\"${PODS_ROOT}/Target Support Files/Pods-RadioGroupDemoUITests/Pods-RadioGroupDemoUITests-frameworks.sh\"\n";
			showEnvVarsInLog = 0;
		};
		52F572F854BDEC2717374744 /* [CP] Check Pods Manifest.lock */ = {
			isa = PBXShellScriptBuildPhase;
			buildActionMask = 2147483647;
			files = (
			);
			inputFileListPaths = (
			);
			inputPaths = (
				"${PODS_PODFILE_DIR_PATH}/Podfile.lock",
				"${PODS_ROOT}/Manifest.lock",
			);
			name = "[CP] Check Pods Manifest.lock";
			outputFileListPaths = (
			);
			outputPaths = (
				"$(DERIVED_FILE_DIR)/Pods-RadioGroupDemo-checkManifestLockResult.txt",
			);
			runOnlyForDeploymentPostprocessing = 0;
			shellPath = /bin/sh;
			shellScript = "diff \"${PODS_PODFILE_DIR_PATH}/Podfile.lock\" \"${PODS_ROOT}/Manifest.lock\" > /dev/null\nif [ $? != 0 ] ; then\n    # print error to STDERR\n    echo \"error: The sandbox is not in sync with the Podfile.lock. Run 'pod install' or update your CocoaPods installation.\" >&2\n    exit 1\nfi\n# This output is used by Xcode 'outputs' to avoid re-running this script phase.\necho \"SUCCESS\" > \"${SCRIPT_OUTPUT_FILE_0}\"\n";
			showEnvVarsInLog = 0;
		};
		59507210E30274351361BD97 /* [CP-User] SwiftLint */ = {
			isa = PBXShellScriptBuildPhase;
			buildActionMask = 2147483647;
			files = (
			);
			name = "[CP-User] SwiftLint";
			runOnlyForDeploymentPostprocessing = 0;
			shellPath = /bin/sh;
			shellScript = "if [ \"Debug\" == \"${CONFIGURATION}\" ]; then ${PODS_ROOT}/SwiftLint/swiftlint --config ${PODS_ROOT}/SwiftQuality/.swiftlint.yml --path ${SRCROOT}/.. ; fi";
			showEnvVarsInLog = 0;
		};
		DE70E162881865ECBC14B798 /* [CP-User] SwiftLintAutocorrect */ = {
			isa = PBXShellScriptBuildPhase;
			buildActionMask = 2147483647;
			files = (
			);
			name = "[CP-User] SwiftLintAutocorrect";
			runOnlyForDeploymentPostprocessing = 0;
			shellPath = /bin/sh;
			shellScript = "if [ \"Debug\" == \"${CONFIGURATION}\" ]; then ${PODS_ROOT}/SwiftLint/swiftlint autocorrect --config ${PODS_ROOT}/SwiftQuality/.swiftlint.yml --path ${SRCROOT}/.. ; fi";
			showEnvVarsInLog = 0;
		};
		E326B0273C9901855AB33EA8 /* [CP] Copy Pods Resources */ = {
			isa = PBXShellScriptBuildPhase;
			buildActionMask = 2147483647;
			files = (
			);
			inputFileListPaths = (
				"${PODS_ROOT}/Target Support Files/Pods-RadioGroupDemoUITests/Pods-RadioGroupDemoUITests-resources-${CONFIGURATION}-input-files.xcfilelist",
			);
			name = "[CP] Copy Pods Resources";
			outputFileListPaths = (
				"${PODS_ROOT}/Target Support Files/Pods-RadioGroupDemoUITests/Pods-RadioGroupDemoUITests-resources-${CONFIGURATION}-output-files.xcfilelist",
			);
			runOnlyForDeploymentPostprocessing = 0;
			shellPath = /bin/sh;
			shellScript = "\"${PODS_ROOT}/Target Support Files/Pods-RadioGroupDemoUITests/Pods-RadioGroupDemoUITests-resources.sh\"\n";
			showEnvVarsInLog = 0;
		};
		FC00D0AEC88A1BB3E33A4675 /* [CP] Embed Pods Frameworks */ = {
			isa = PBXShellScriptBuildPhase;
			buildActionMask = 2147483647;
			files = (
			);
			inputFileListPaths = (
				"${PODS_ROOT}/Target Support Files/Pods-RadioGroupDemo/Pods-RadioGroupDemo-frameworks-${CONFIGURATION}-input-files.xcfilelist",
			);
			name = "[CP] Embed Pods Frameworks";
			outputFileListPaths = (
				"${PODS_ROOT}/Target Support Files/Pods-RadioGroupDemo/Pods-RadioGroupDemo-frameworks-${CONFIGURATION}-output-files.xcfilelist",
			);
			runOnlyForDeploymentPostprocessing = 0;
			shellPath = /bin/sh;
			shellScript = "\"${PODS_ROOT}/Target Support Files/Pods-RadioGroupDemo/Pods-RadioGroupDemo-frameworks.sh\"\n";
			showEnvVarsInLog = 0;
		};
/* End PBXShellScriptBuildPhase section */

/* Begin PBXSourcesBuildPhase section */
		DC52B4F12207208D00A01098 /* Sources */ = {
			isa = PBXSourcesBuildPhase;
			buildActionMask = 2147483647;
			files = (
				DC52B4FB2207208D00A01098 /* ViewController.swift in Sources */,
				DC64D10823306DB400506A50 /* RadioGroupPickerDemo.swift in Sources */,
				DC52B4F92207208D00A01098 /* AppDelegate.swift in Sources */,
			);
			runOnlyForDeploymentPostprocessing = 0;
		};
		DC52B51E22092D5300A01098 /* Sources */ = {
			isa = PBXSourcesBuildPhase;
			buildActionMask = 2147483647;
			files = (
				DC52B52522092D5300A01098 /* RadioGroupDemoUITests.swift in Sources */,
			);
			runOnlyForDeploymentPostprocessing = 0;
		};
/* End PBXSourcesBuildPhase section */

/* Begin PBXTargetDependency section */
		DC52B52822092D5300A01098 /* PBXTargetDependency */ = {
			isa = PBXTargetDependency;
			target = DC52B4F42207208D00A01098 /* RadioGroupDemo */;
			targetProxy = DC52B52722092D5300A01098 /* PBXContainerItemProxy */;
		};
/* End PBXTargetDependency section */

/* Begin PBXVariantGroup section */
		DC52B4FC2207208D00A01098 /* Main.storyboard */ = {
			isa = PBXVariantGroup;
			children = (
				DC52B4FD2207208D00A01098 /* Base */,
			);
			name = Main.storyboard;
			sourceTree = "<group>";
		};
		DC52B5012207209000A01098 /* LaunchScreen.storyboard */ = {
			isa = PBXVariantGroup;
			children = (
				DC52B5022207209000A01098 /* Base */,
			);
			name = LaunchScreen.storyboard;
			sourceTree = "<group>";
		};
/* End PBXVariantGroup section */

/* Begin XCBuildConfiguration section */
		DC52B5052207209000A01098 /* Debug */ = {
			isa = XCBuildConfiguration;
			buildSettings = {
				ALWAYS_SEARCH_USER_PATHS = NO;
				CLANG_ANALYZER_NONNULL = YES;
				CLANG_ANALYZER_NUMBER_OBJECT_CONVERSION = YES_AGGRESSIVE;
				CLANG_CXX_LANGUAGE_STANDARD = "gnu++14";
				CLANG_CXX_LIBRARY = "libc++";
				CLANG_ENABLE_MODULES = YES;
				CLANG_ENABLE_OBJC_ARC = YES;
				CLANG_ENABLE_OBJC_WEAK = YES;
				CLANG_WARN_BLOCK_CAPTURE_AUTORELEASING = YES;
				CLANG_WARN_BOOL_CONVERSION = YES;
				CLANG_WARN_COMMA = YES;
				CLANG_WARN_CONSTANT_CONVERSION = YES;
				CLANG_WARN_DEPRECATED_OBJC_IMPLEMENTATIONS = YES;
				CLANG_WARN_DIRECT_OBJC_ISA_USAGE = YES_ERROR;
				CLANG_WARN_DOCUMENTATION_COMMENTS = YES;
				CLANG_WARN_EMPTY_BODY = YES;
				CLANG_WARN_ENUM_CONVERSION = YES;
				CLANG_WARN_INFINITE_RECURSION = YES;
				CLANG_WARN_INT_CONVERSION = YES;
				CLANG_WARN_NON_LITERAL_NULL_CONVERSION = YES;
				CLANG_WARN_OBJC_IMPLICIT_RETAIN_SELF = YES;
				CLANG_WARN_OBJC_LITERAL_CONVERSION = YES;
				CLANG_WARN_OBJC_ROOT_CLASS = YES_ERROR;
				CLANG_WARN_RANGE_LOOP_ANALYSIS = YES;
				CLANG_WARN_STRICT_PROTOTYPES = YES;
				CLANG_WARN_SUSPICIOUS_MOVE = YES;
				CLANG_WARN_UNGUARDED_AVAILABILITY = YES_AGGRESSIVE;
				CLANG_WARN_UNREACHABLE_CODE = YES;
				CLANG_WARN__DUPLICATE_METHOD_MATCH = YES;
				CODE_SIGN_IDENTITY = "iPhone Developer";
				COPY_PHASE_STRIP = NO;
				DEBUG_INFORMATION_FORMAT = dwarf;
				ENABLE_STRICT_OBJC_MSGSEND = YES;
				ENABLE_TESTABILITY = YES;
				GCC_C_LANGUAGE_STANDARD = gnu11;
				GCC_DYNAMIC_NO_PIC = NO;
				GCC_NO_COMMON_BLOCKS = YES;
				GCC_OPTIMIZATION_LEVEL = 0;
				GCC_PREPROCESSOR_DEFINITIONS = (
					"DEBUG=1",
					"$(inherited)",
				);
				GCC_WARN_64_TO_32_BIT_CONVERSION = YES;
				GCC_WARN_ABOUT_RETURN_TYPE = YES_ERROR;
				GCC_WARN_UNDECLARED_SELECTOR = YES;
				GCC_WARN_UNINITIALIZED_AUTOS = YES_AGGRESSIVE;
				GCC_WARN_UNUSED_FUNCTION = YES;
				GCC_WARN_UNUSED_VARIABLE = YES;
				IPHONEOS_DEPLOYMENT_TARGET = 9.0;
				MTL_ENABLE_DEBUG_INFO = INCLUDE_SOURCE;
				MTL_FAST_MATH = YES;
				ONLY_ACTIVE_ARCH = YES;
				SDKROOT = iphoneos;
				SWIFT_ACTIVE_COMPILATION_CONDITIONS = DEBUG;
				SWIFT_OPTIMIZATION_LEVEL = "-Onone";
			};
			name = Debug;
		};
		DC52B5062207209000A01098 /* Release */ = {
			isa = XCBuildConfiguration;
			buildSettings = {
				ALWAYS_SEARCH_USER_PATHS = NO;
				CLANG_ANALYZER_NONNULL = YES;
				CLANG_ANALYZER_NUMBER_OBJECT_CONVERSION = YES_AGGRESSIVE;
				CLANG_CXX_LANGUAGE_STANDARD = "gnu++14";
				CLANG_CXX_LIBRARY = "libc++";
				CLANG_ENABLE_MODULES = YES;
				CLANG_ENABLE_OBJC_ARC = YES;
				CLANG_ENABLE_OBJC_WEAK = YES;
				CLANG_WARN_BLOCK_CAPTURE_AUTORELEASING = YES;
				CLANG_WARN_BOOL_CONVERSION = YES;
				CLANG_WARN_COMMA = YES;
				CLANG_WARN_CONSTANT_CONVERSION = YES;
				CLANG_WARN_DEPRECATED_OBJC_IMPLEMENTATIONS = YES;
				CLANG_WARN_DIRECT_OBJC_ISA_USAGE = YES_ERROR;
				CLANG_WARN_DOCUMENTATION_COMMENTS = YES;
				CLANG_WARN_EMPTY_BODY = YES;
				CLANG_WARN_ENUM_CONVERSION = YES;
				CLANG_WARN_INFINITE_RECURSION = YES;
				CLANG_WARN_INT_CONVERSION = YES;
				CLANG_WARN_NON_LITERAL_NULL_CONVERSION = YES;
				CLANG_WARN_OBJC_IMPLICIT_RETAIN_SELF = YES;
				CLANG_WARN_OBJC_LITERAL_CONVERSION = YES;
				CLANG_WARN_OBJC_ROOT_CLASS = YES_ERROR;
				CLANG_WARN_RANGE_LOOP_ANALYSIS = YES;
				CLANG_WARN_STRICT_PROTOTYPES = YES;
				CLANG_WARN_SUSPICIOUS_MOVE = YES;
				CLANG_WARN_UNGUARDED_AVAILABILITY = YES_AGGRESSIVE;
				CLANG_WARN_UNREACHABLE_CODE = YES;
				CLANG_WARN__DUPLICATE_METHOD_MATCH = YES;
				CODE_SIGN_IDENTITY = "iPhone Developer";
				COPY_PHASE_STRIP = NO;
				DEBUG_INFORMATION_FORMAT = "dwarf-with-dsym";
				ENABLE_NS_ASSERTIONS = NO;
				ENABLE_STRICT_OBJC_MSGSEND = YES;
				GCC_C_LANGUAGE_STANDARD = gnu11;
				GCC_NO_COMMON_BLOCKS = YES;
				GCC_WARN_64_TO_32_BIT_CONVERSION = YES;
				GCC_WARN_ABOUT_RETURN_TYPE = YES_ERROR;
				GCC_WARN_UNDECLARED_SELECTOR = YES;
				GCC_WARN_UNINITIALIZED_AUTOS = YES_AGGRESSIVE;
				GCC_WARN_UNUSED_FUNCTION = YES;
				GCC_WARN_UNUSED_VARIABLE = YES;
				IPHONEOS_DEPLOYMENT_TARGET = 9.0;
				MTL_ENABLE_DEBUG_INFO = NO;
				MTL_FAST_MATH = YES;
				SDKROOT = iphoneos;
				SWIFT_COMPILATION_MODE = wholemodule;
				SWIFT_OPTIMIZATION_LEVEL = "-O";
				VALIDATE_PRODUCT = YES;
			};
			name = Release;
		};
		DC52B5082207209000A01098 /* Debug */ = {
			isa = XCBuildConfiguration;
			baseConfigurationReference = 30764401FB8D00740C99587D /* Pods-RadioGroupDemo.debug.xcconfig */;
			buildSettings = {
				ASSETCATALOG_COMPILER_APPICON_NAME = AppIcon;
				CODE_SIGN_STYLE = Automatic;
				INFOPLIST_FILE = RadioGroupDemo/Info.plist;
				LD_RUNPATH_SEARCH_PATHS = (
					"$(inherited)",
					"@executable_path/Frameworks",
				);
				PRODUCT_BUNDLE_IDENTIFIER = com.roysharon.RadioGroupDemo;
				PRODUCT_NAME = "$(TARGET_NAME)";
				SWIFT_VERSION = 5.0;
				TARGETED_DEVICE_FAMILY = "1,2";
			};
			name = Debug;
		};
		DC52B5092207209000A01098 /* Release */ = {
			isa = XCBuildConfiguration;
			baseConfigurationReference = 87FEA1D20B8C6DB82926DC9C /* Pods-RadioGroupDemo.release.xcconfig */;
			buildSettings = {
				ASSETCATALOG_COMPILER_APPICON_NAME = AppIcon;
				CODE_SIGN_STYLE = Automatic;
				INFOPLIST_FILE = RadioGroupDemo/Info.plist;
				LD_RUNPATH_SEARCH_PATHS = (
					"$(inherited)",
					"@executable_path/Frameworks",
				);
				PRODUCT_BUNDLE_IDENTIFIER = com.roysharon.RadioGroupDemo;
				PRODUCT_NAME = "$(TARGET_NAME)";
				SWIFT_VERSION = 5.0;
				TARGETED_DEVICE_FAMILY = "1,2";
			};
			name = Release;
		};
		DC52B52922092D5300A01098 /* Debug */ = {
			isa = XCBuildConfiguration;
			baseConfigurationReference = 0DEB7E4B851FF4E856820862 /* Pods-RadioGroupDemoUITests.debug.xcconfig */;
			buildSettings = {
				CODE_SIGN_STYLE = Automatic;
				INFOPLIST_FILE = RadioGroupDemoUITests/Info.plist;
				IPHONEOS_DEPLOYMENT_TARGET = 12.1;
				LD_RUNPATH_SEARCH_PATHS = (
					"$(inherited)",
					"@executable_path/Frameworks",
					"@loader_path/Frameworks",
				);
				PRODUCT_BUNDLE_IDENTIFIER = com.roysharon.RadioGroupDemoUITests;
				PRODUCT_NAME = "$(TARGET_NAME)";
				SWIFT_VERSION = 5.0;
				TARGETED_DEVICE_FAMILY = "1,2";
				TEST_TARGET_NAME = RadioGroupDemo;
			};
			name = Debug;
		};
		DC52B52A22092D5300A01098 /* Release */ = {
			isa = XCBuildConfiguration;
			baseConfigurationReference = 2D222438FD3F3A2787ADE90C /* Pods-RadioGroupDemoUITests.release.xcconfig */;
			buildSettings = {
				CODE_SIGN_STYLE = Automatic;
				INFOPLIST_FILE = RadioGroupDemoUITests/Info.plist;
				IPHONEOS_DEPLOYMENT_TARGET = 12.1;
				LD_RUNPATH_SEARCH_PATHS = (
					"$(inherited)",
					"@executable_path/Frameworks",
					"@loader_path/Frameworks",
				);
				PRODUCT_BUNDLE_IDENTIFIER = com.roysharon.RadioGroupDemoUITests;
				PRODUCT_NAME = "$(TARGET_NAME)";
				SWIFT_VERSION = 5.0;
				TARGETED_DEVICE_FAMILY = "1,2";
				TEST_TARGET_NAME = RadioGroupDemo;
			};
			name = Release;
		};
/* End XCBuildConfiguration section */

/* Begin XCConfigurationList section */
		DC52B4F02207208D00A01098 /* Build configuration list for PBXProject "RadioGroupDemo" */ = {
			isa = XCConfigurationList;
			buildConfigurations = (
				DC52B5052207209000A01098 /* Debug */,
				DC52B5062207209000A01098 /* Release */,
			);
			defaultConfigurationIsVisible = 0;
			defaultConfigurationName = Release;
		};
		DC52B5072207209000A01098 /* Build configuration list for PBXNativeTarget "RadioGroupDemo" */ = {
			isa = XCConfigurationList;
			buildConfigurations = (
				DC52B5082207209000A01098 /* Debug */,
				DC52B5092207209000A01098 /* Release */,
			);
			defaultConfigurationIsVisible = 0;
			defaultConfigurationName = Release;
		};
		DC52B52B22092D5300A01098 /* Build configuration list for PBXNativeTarget "RadioGroupDemoUITests" */ = {
			isa = XCConfigurationList;
			buildConfigurations = (
				DC52B52922092D5300A01098 /* Debug */,
				DC52B52A22092D5300A01098 /* Release */,
			);
			defaultConfigurationIsVisible = 0;
			defaultConfigurationName = Release;
		};
/* End XCConfigurationList section */
	};
	rootObject = DC52B4ED2207208D00A01098 /* Project object */;
}
